
Microsoft Visual Studio Solution File, Format Version 12.00
# Visual Studio Version 17
VisualStudioVersion = 17.5.002.0
MinimumVisualStudioVersion = 10.0.40219.1
Project("{2150E333-8FDC-42A3-9474-1A3956D46DE8}") = "src", "src", "{CBF81F7C-6E0A-4695-AA0F-35C61676B7EB}"
EndProject
Project("{9A19103F-16F7-4668-BE54-9A1E7A4F7556}") = "Microsoft.PowerShell.TextUtility", "src\code\Microsoft.PowerShell.TextUtility.csproj", "{B5249E6A-DBD6-49AD-B78B-DFF09CB9D26F}"
EndProject
Global
	GlobalSection(SolutionConfigurationPlatforms) = preSolution
		Debug|Any CPU = Debug|Any CPU
		Release|Any CPU = Release|Any CPU
	EndGlobalSection
	GlobalSection(ProjectConfigurationPlatforms) = postSolution
		{B5249E6A-DBD6-49AD-B78B-DFF09CB9D26F}.Debug|Any CPU.ActiveCfg = Debug|Any CPU
		{B5249E6A-DBD6-49AD-B78B-DFF09CB9D26F}.Debug|Any CPU.Build.0 = Debug|Any CPU
		{B5249E6A-DBD6-49AD-B78B-DFF09CB9D26F}.Release|Any CPU.ActiveCfg = Release|Any CPU
		{B5249E6A-DBD6-49AD-B78B-DFF09CB9D26F}.Release|Any CPU.Build.0 = Release|Any CPU
	EndGlobalSection
	GlobalSection(SolutionProperties) = preSolution
		HideSolutionNode = FALSE
	EndGlobalSection
	GlobalSection(NestedProjects) = preSolution
		{B5249E6A-DBD6-49AD-B78B-DFF09CB9D26F} = {CBF81F7C-6E0A-4695-AA0F-35C61676B7EB}
	EndGlobalSection
	GlobalSection(ExtensibilityGlobals) = postSolution
		SolutionGuid = {EAC68D5E-4DA0-4F37-88B6-CAF32652C01F}
	EndGlobalSection
EndGlobal
